// !$*UTF8*$!
{
	archiveVersion = 1;
	classes = {
	};
	objectVersion = 48;
	objects = {

/* Begin PBXBuildFile section */
		7156BD6F20EFA0F800F47A85 /* AppDelegate.swift in Sources */ = {isa = PBXBuildFile; fileRef = 7156BD6E20EFA0F700F47A85 /* AppDelegate.swift */; };
		7156BD7120EFA0F800F47A85 /* ViewController.swift in Sources */ = {isa = PBXBuildFile; fileRef = 7156BD7020EFA0F800F47A85 /* ViewController.swift */; };
		7156BD7420EFA0F800F47A85 /* Main.storyboard in Resources */ = {isa = PBXBuildFile; fileRef = 7156BD7220EFA0F800F47A85 /* Main.storyboard */; };
		7156BD7720EFA0F800F47A85 /* TKCoreData.xcdatamodeld in Sources */ = {isa = PBXBuildFile; fileRef = 7156BD7520EFA0F800F47A85 /* TKCoreData.xcdatamodeld */; };
		7156BD7920EFA0F800F47A85 /* Assets.xcassets in Resources */ = {isa = PBXBuildFile; fileRef = 7156BD7820EFA0F800F47A85 /* Assets.xcassets */; };
		7156BD7C20EFA0F800F47A85 /* LaunchScreen.storyboard in Resources */ = {isa = PBXBuildFile; fileRef = 7156BD7A20EFA0F800F47A85 /* LaunchScreen.storyboard */; };
/* End PBXBuildFile section */

/* Begin PBXFileReference section */
		7156BD6B20EFA0F700F47A85 /* TKCoreData.app */ = {isa = PBXFileReference; explicitFileType = wrapper.application; includeInIndex = 0; path = TKCoreData.app; sourceTree = BUILT_PRODUCTS_DIR; };
		7156BD6E20EFA0F700F47A85 /* AppDelegate.swift */ = {isa = PBXFileReference; lastKnownFileType = sourcecode.swift; path = AppDelegate.swift; sourceTree = "<group>"; };
		7156BD7020EFA0F800F47A85 /* ViewController.swift */ = {isa = PBXFileReference; lastKnownFileType = sourcecode.swift; path = ViewController.swift; sourceTree = "<group>"; };
		7156BD7320EFA0F800F47A85 /* Base */ = {isa = PBXFileReference; lastKnownFileType = file.storyboard; name = Base; path = Base.lproj/Main.storyboard; sourceTree = "<group>"; };
		7156BD7620EFA0F800F47A85 /* TKCoreData.xcdatamodel */ = {isa = PBXFileReference; lastKnownFileType = wrapper.xcdatamodel; path = TKCoreData.xcdatamodel; sourceTree = "<group>"; };
		7156BD7820EFA0F800F47A85 /* Assets.xcassets */ = {isa = PBXFileReference; lastKnownFileType = folder.assetcatalog; path = Assets.xcassets; sourceTree = "<group>"; };
		7156BD7B20EFA0F800F47A85 /* Base */ = {isa = PBXFileReference; lastKnownFileType = file.storyboard; name = Base; path = Base.lproj/LaunchScreen.storyboard; sourceTree = "<group>"; };
		7156BD7D20EFA0F800F47A85 /* Info.plist */ = {isa = PBXFileReference; lastKnownFileType = text.plist.xml; path = Info.plist; sourceTree = "<group>"; };
/* End PBXFileReference section */

/* Begin PBXFrameworksBuildPhase section */
		7156BD6820EFA0F700F47A85 /* Frameworks */ = {
			isa = PBXFrameworksBuildPhase;
			buildActionMask = 2147483647;
			files = (
			);
			runOnlyForDeploymentPostprocessing = 0;
		};
/* End PBXFrameworksBuildPhase section */

/* Begin PBXGroup section */
		7156BD6220EFA0F700F47A85 = {
			isa = PBXGroup;
			children = (
				7156BD6D20EFA0F700F47A85 /* TKCoreData */,
				7156BD6C20EFA0F700F47A85 /* Products */,
			);
			sourceTree = "<group>";
		};
		7156BD6C20EFA0F700F47A85 /* Products */ = {
			isa = PBXGroup;
			children = (
				7156BD6B20EFA0F700F47A85 /* TKCoreData.app */,
			);
			name = Products;
			sourceTree = "<group>";
		};
		7156BD6D20EFA0F700F47A85 /* TKCoreData */ = {
			isa = PBXGroup;
			children = (
				7156BD6E20EFA0F700F47A85 /* AppDelegate.swift */,
				7156BD7020EFA0F800F47A85 /* ViewController.swift */,
				7156BD7220EFA0F800F47A85 /* Main.storyboard */,
				7156BD7820EFA0F800F47A85 /* Assets.xcassets */,
				7156BD7A20EFA0F800F47A85 /* LaunchScreen.storyboard */,
				7156BD7D20EFA0F800F47A85 /* Info.plist */,
				7156BD7520EFA0F800F47A85 /* TKCoreData.xcdatamodeld */,
			);
			path = TKCoreData;
			sourceTree = "<group>";
		};
/* End PBXGroup section */

/* Begin PBXNativeTarget section */
		7156BD6A20EFA0F700F47A85 /* TKCoreData */ = {
			isa = PBXNativeTarget;
			buildConfigurationList = 7156BD8020EFA0F800F47A85 /* Build configuration list for PBXNativeTarget "TKCoreData" */;
			buildPhases = (
				7156BD6720EFA0F700F47A85 /* Sources */,
				7156BD6820EFA0F700F47A85 /* Frameworks */,
				7156BD6920EFA0F700F47A85 /* Resources */,
			);
			buildRules = (
			);
			dependencies = (
			);
			name = TKCoreData;
			productName = TKCoreData;
			productReference = 7156BD6B20EFA0F700F47A85 /* TKCoreData.app */;
			productType = "com.apple.product-type.application";
		};
/* End PBXNativeTarget section */

/* Begin PBXProject section */
		7156BD6320EFA0F700F47A85 /* Project object */ = {
			isa = PBXProject;
			attributes = {
				LastSwiftUpdateCheck = 0920;
				LastUpgradeCheck = 0920;
				ORGANIZATIONNAME = "Tushar Kolhe";
				TargetAttributes = {
					7156BD6A20EFA0F700F47A85 = {
						CreatedOnToolsVersion = 9.2;
						ProvisioningStyle = Automatic;
					};
				};
			};
			buildConfigurationList = 7156BD6620EFA0F700F47A85 /* Build configuration list for PBXProject "TKCoreData" */;
			compatibilityVersion = "Xcode 8.0";
			developmentRegion = en;
			hasScannedForEncodings = 0;
			knownRegions = (
				en,
				Base,
			);
			mainGroup = 7156BD6220EFA0F700F47A85;
			productRefGroup = 7156BD6C20EFA0F700F47A85 /* Products */;
			projectDirPath = "";
			projectRoot = "";
			targets = (
				7156BD6A20EFA0F700F47A85 /* TKCoreData */,
			);
		};
/* End PBXProject section */

/* Begin PBXResourcesBuildPhase section */
		7156BD6920EFA0F700F47A85 /* Resources */ = {
			isa = PBXResourcesBuildPhase;
			buildActionMask = 2147483647;
			files = (
				7156BD7C20EFA0F800F47A85 /* LaunchScreen.storyboard in Resources */,
				7156BD7920EFA0F800F47A85 /* Assets.xcassets in Resources */,
				7156BD7420EFA0F800F47A85 /* Main.storyboard in Resources */,
			);
			runOnlyForDeploymentPostprocessing = 0;
		};
/* End PBXResourcesBuildPhase section */

/* Begin PBXSourcesBuildPhase section */
		7156BD6720EFA0F700F47A85 /* Sources */ = {
			isa = PBXSourcesBuildPhase;
			buildActionMask = 2147483647;
			files = (
				7156BD7120EFA0F800F47A85 /* ViewController.swift in Sources */,
				7156BD7720EFA0F800F47A85 /* TKCoreData.xcdatamodeld in Sources */,
				7156BD6F20EFA0F800F47A85 /* AppDelegate.swift in Sources */,
			);
			runOnlyForDeploymentPostprocessing = 0;
		};
/* End PBXSourcesBuildPhase section */

/* Begin PBXVariantGroup section */
		7156BD7220EFA0F800F47A85 /* Main.storyboard */ = {
			isa = PBXVariantGroup;
			children = (
				7156BD7320EFA0F800F47A85 /* Base */,
			);
			name = Main.storyboard;
			sourceTree = "<group>";
		};
		7156BD7A20EFA0F800F47A85 /* LaunchScreen.storyboard */ = {
			isa = PBXVariantGroup;
			children = (
				7156BD7B20EFA0F800F47A85 /* Base */,
			);
			name = LaunchScreen.storyboard;
			sourceTree = "<group>";
		};
/* End PBXVariantGroup section */

/* Begin XCBuildConfiguration section */
		7156BD7E20EFA0F800F47A85 /* Debug */ = {
			isa = XCBuildConfiguration;
			buildSettings = {
				ALWAYS_SEARCH_USER_PATHS = NO;
				CLANG_ANALYZER_NONNULL = YES;
				CLANG_ANALYZER_NUMBER_OBJECT_CONVERSION = YES_AGGRESSIVE;
				CLANG_CXX_LANGUAGE_STANDARD = "gnu++14";
				CLANG_CXX_LIBRARY = "libc++";
				CLANG_ENABLE_MODULES = YES;
				CLANG_ENABLE_OBJC_ARC = YES;
				CLANG_WARN_BLOCK_CAPTURE_AUTORELEASING = YES;
				CLANG_WARN_BOOL_CONVERSION = YES;
				CLANG_WARN_COMMA = YES;
				CLANG_WARN_CONSTANT_CONVERSION = YES;
				CLANG_WARN_DIRECT_OBJC_ISA_USAGE = YES_ERROR;
				CLANG_WARN_DOCUMENTATION_COMMENTS = YES;
				CLANG_WARN_EMPTY_BODY = YES;
				CLANG_WARN_ENUM_CONVERSION = YES;
				CLANG_WARN_INFINITE_RECURSION = YES;
				CLANG_WARN_INT_CONVERSION = YES;
				CLANG_WARN_NON_LITERAL_NULL_CONVERSION = YES;
				CLANG_WARN_OBJC_LITERAL_CONVERSION = YES;
				CLANG_WARN_OBJC_ROOT_CLASS = YES_ERROR;
				CLANG_WARN_RANGE_LOOP_ANALYSIS = YES;
				CLANG_WARN_STRICT_PROTOTYPES = YES;
				CLANG_WARN_SUSPICIOUS_MOVE = YES;
				CLANG_WARN_UNGUARDED_AVAILABILITY = YES_AGGRESSIVE;
				CLANG_WARN_UNREACHABLE_CODE = YES;
				CLANG_WARN__DUPLICATE_METHOD_MATCH = YES;
				CODE_SIGN_IDENTITY = "iPhone Developer";
				COPY_PHASE_STRIP = NO;
				DEBUG_INFORMATION_FORMAT = dwarf;
				ENABLE_STRICT_OBJC_MSGSEND = YES;
				ENABLE_TESTABILITY = YES;
				GCC_C_LANGUAGE_STANDARD = gnu11;
				GCC_DYNAMIC_NO_PIC = NO;
				GCC_NO_COMMON_BLOCKS = YES;
				GCC_OPTIMIZATION_LEVEL = 0;
				GCC_PREPROCESSOR_DEFINITIONS = (
					"DEBUG=1",
					"$(inherited)",
				);
				GCC_WARN_64_TO_32_BIT_CONVERSION = YES;
				GCC_WARN_ABOUT_RETURN_TYPE = YES_ERROR;
				GCC_WARN_UNDECLARED_SELECTOR = YES;
				GCC_WARN_UNINITIALIZED_AUTOS = YES_AGGRESSIVE;
				GCC_WARN_UNUSED_FUNCTION = YES;
				GCC_WARN_UNUSED_VARIABLE = YES;
				IPHONEOS_DEPLOYMENT_TARGET = 11.2;
				MTL_ENABLE_DEBUG_INFO = YES;
				ONLY_ACTIVE_ARCH = YES;
				SDKROOT = iphoneos;
				SWIFT_ACTIVE_COMPILATION_CONDITIONS = DEBUG;
				SWIFT_OPTIMIZATION_LEVEL = "-Onone";
			};
			name = Debug;
		};
		7156BD7F20EFA0F800F47A85 /* Release */ = {
			isa = XCBuildConfiguration;
			buildSettings = {
				ALWAYS_SEARCH_USER_PATHS = NO;
				CLANG_ANALYZER_NONNULL = YES;
				CLANG_ANALYZER_NUMBER_OBJECT_CONVERSION = YES_AGGRESSIVE;
				CLANG_CXX_LANGUAGE_STANDARD = "gnu++14";
				CLANG_CXX_LIBRARY = "libc++";
				CLANG_ENABLE_MODULES = YES;
				CLANG_ENABLE_OBJC_ARC = YES;
				CLANG_WARN_BLOCK_CAPTURE_AUTORELEASING = YES;
				CLANG_WARN_BOOL_CONVERSION = YES;
				CLANG_WARN_COMMA = YES;
				CLANG_WARN_CONSTANT_CONVERSION = YES;
				CLANG_WARN_DIRECT_OBJC_ISA_USAGE = YES_ERROR;
				CLANG_WARN_DOCUMENTATION_COMMENTS = YES;
				CLANG_WARN_EMPTY_BODY = YES;
				CLANG_WARN_ENUM_CONVERSION = YES;
				CLANG_WARN_INFINITE_RECURSION = YES;
				CLANG_WARN_INT_CONVERSION = YES;
				CLANG_WARN_NON_LITERAL_NULL_CONVERSION = YES;
				CLANG_WARN_OBJC_LITERAL_CONVERSION = YES;
				CLANG_WARN_OBJC_ROOT_CLASS = YES_ERROR;
				CLANG_WARN_RANGE_LOOP_ANALYSIS = YES;
				CLANG_WARN_STRICT_PROTOTYPES = YES;
				CLANG_WARN_SUSPICIOUS_MOVE = YES;
				CLANG_WARN_UNGUARDED_AVAILABILITY = YES_AGGRESSIVE;
				CLANG_WARN_UNREACHABLE_CODE = YES;
				CLANG_WARN__DUPLICATE_METHOD_MATCH = YES;
				CODE_SIGN_IDENTITY = "iPhone Developer";
				COPY_PHASE_STRIP = NO;
				DEBUG_INFORMATION_FORMAT = "dwarf-with-dsym";
				ENABLE_NS_ASSERTIONS = NO;
				ENABLE_STRICT_OBJC_MSGSEND = YES;
				GCC_C_LANGUAGE_STANDARD = gnu11;
				GCC_NO_COMMON_BLOCKS = YES;
				GCC_WARN_64_TO_32_BIT_CONVERSION = YES;
				GCC_WARN_ABOUT_RETURN_TYPE = YES_ERROR;
				GCC_WARN_UNDECLARED_SELECTOR = YES;
				GCC_WARN_UNINITIALIZED_AUTOS = YES_AGGRESSIVE;
				GCC_WARN_UNUSED_FUNCTION = YES;
				GCC_WARN_UNUSED_VARIABLE = YES;
				IPHONEOS_DEPLOYMENT_TARGET = 11.2;
				MTL_ENABLE_DEBUG_INFO = NO;
				SDKROOT = iphoneos;
				SWIFT_OPTIMIZATION_LEVEL = "-Owholemodule";
				VALIDATE_PRODUCT = YES;
			};
			name = Release;
		};
		7156BD8120EFA0F800F47A85 /* Debug */ = {
			isa = XCBuildConfiguration;
			buildSettings = {
				ASSETCATALOG_COMPILER_APPICON_NAME = AppIcon;
				CODE_SIGN_STYLE = Automatic;
				DEVELOPMENT_TEAM = W6RG38TUSL;
				INFOPLIST_FILE = TKCoreData/Info.plist;
				LD_RUNPATH_SEARCH_PATHS = "$(inherited) @executable_path/Frameworks";
				PRODUCT_BUNDLE_IDENTIFIER = TusharKolhe.TKCoreData;
				PRODUCT_NAME = "$(TARGET_NAME)";
				SWIFT_VERSION = 4.0;
				TARGETED_DEVICE_FAMILY = "1,2";
			};
			name = Debug;
		};
		7156BD8220EFA0F800F47A85 /* Release */ = {
			isa = XCBuildConfiguration;
			buildSettings = {
				ASSETCATALOG_COMPILER_APPICON_NAME = AppIcon;
				CODE_SIGN_STYLE = Automatic;
				DEVELOPMENT_TEAM = W6RG38TUSL;
				INFOPLIST_FILE = TKCoreData/Info.plist;
				LD_RUNPATH_SEARCH_PATHS = "$(inherited) @executable_path/Frameworks";
				PRODUCT_BUNDLE_IDENTIFIER = TusharKolhe.TKCoreData;
				PRODUCT_NAME = "$(TARGET_NAME)";
				SWIFT_VERSION = 4.0;
				TARGETED_DEVICE_FAMILY = "1,2";
			};
			name = Release;
		};
/* End XCBuildConfiguration section */

/* Begin XCConfigurationList section */
		7156BD6620EFA0F700F47A85 /* Build configuration list for PBXProject "TKCoreData" */ = {
			isa = XCConfigurationList;
			buildConfigurations = (
				7156BD7E20EFA0F800F47A85 /* Debug */,
				7156BD7F20EFA0F800F47A85 /* Release */,
			);
			defaultConfigurationIsVisible = 0;
			defaultConfigurationName = Release;
		};
		7156BD8020EFA0F800F47A85 /* Build configuration list for PBXNativeTarget "TKCoreData" */ = {
			isa = XCConfigurationList;
			buildConfigurations = (
				7156BD8120EFA0F800F47A85 /* Debug */,
				7156BD8220EFA0F800F47A85 /* Release */,
			);
			defaultConfigurationIsVisible = 0;
			defaultConfigurationName = Release;
		};
/* End XCConfigurationList section */

/* Begin XCVersionGroup section */
		7156BD7520EFA0F800F47A85 /* TKCoreData.xcdatamodeld */ = {
			isa = XCVersionGroup;
			children = (
				7156BD7620EFA0F800F47A85 /* TKCoreData.xcdatamodel */,
			);
			currentVersion = 7156BD7620EFA0F800F47A85 /* TKCoreData.xcdatamodel */;
			path = TKCoreData.xcdatamodeld;
			sourceTree = "<group>";
			versionGroupType = wrapper.xcdatamodel;
		};
/* End XCVersionGroup section */
	};
	rootObject = 7156BD6320EFA0F700F47A85 /* Project object */;
}
